// !$*UTF8*$!
{
	archiveVersion = 1;
	classes = {
	};
	objectVersion = 46;
	objects = {

/* Begin PBXBuildFile section */
		0AFD0E6F19930A3E007B668A /* AppDelegate.swift in Sources */ = {isa = PBXBuildFile; fileRef = 0AFD0E6E19930A3E007B668A /* AppDelegate.swift */; };
		0AFD0E7119930A3E007B668A /* ViewController.swift in Sources */ = {isa = PBXBuildFile; fileRef = 0AFD0E7019930A3E007B668A /* ViewController.swift */; };
		0AFD0E7419930A3E007B668A /* Main.storyboard in Resources */ = {isa = PBXBuildFile; fileRef = 0AFD0E7219930A3E007B668A /* Main.storyboard */; };
		0AFD0E7619930A3E007B668A /* Images.xcassets in Resources */ = {isa = PBXBuildFile; fileRef = 0AFD0E7519930A3E007B668A /* Images.xcassets */; };
		0AFD0E8219930A3E007B668A /* liftTests.swift in Sources */ = {isa = PBXBuildFile; fileRef = 0AFD0E8119930A3E007B668A /* liftTests.swift */; };
/* End PBXBuildFile section */

/* Begin PBXContainerItemProxy section */
		0AFD0E7C19930A3E007B668A /* PBXContainerItemProxy */ = {
			isa = PBXContainerItemProxy;
			containerPortal = 0AFD0E6119930A3E007B668A /* Project object */;
			proxyType = 1;
			remoteGlobalIDString = 0AFD0E6819930A3E007B668A;
			remoteInfo = lift;
		};
/* End PBXContainerItemProxy section */

/* Begin PBXFileReference section */
		0AFD0E6919930A3E007B668A /* lift.app */ = {isa = PBXFileReference; explicitFileType = wrapper.application; includeInIndex = 0; path = lift.app; sourceTree = BUILT_PRODUCTS_DIR; };
		0AFD0E6D19930A3E007B668A /* Info.plist */ = {isa = PBXFileReference; lastKnownFileType = text.plist.xml; path = Info.plist; sourceTree = "<group>"; };
		0AFD0E6E19930A3E007B668A /* AppDelegate.swift */ = {isa = PBXFileReference; lastKnownFileType = sourcecode.swift; path = AppDelegate.swift; sourceTree = "<group>"; };
		0AFD0E7019930A3E007B668A /* ViewController.swift */ = {isa = PBXFileReference; lastKnownFileType = sourcecode.swift; path = ViewController.swift; sourceTree = "<group>"; };
		0AFD0E7319930A3E007B668A /* Base */ = {isa = PBXFileReference; lastKnownFileType = file.storyboard; name = Base; path = Base.lproj/Main.storyboard; sourceTree = "<group>"; };
		0AFD0E7519930A3E007B668A /* Images.xcassets */ = {isa = PBXFileReference; lastKnownFileType = folder.assetcatalog; path = Images.xcassets; sourceTree = "<group>"; };
		0AFD0E7B19930A3E007B668A /* liftTests.xctest */ = {isa = PBXFileReference; explicitFileType = wrapper.cfbundle; includeInIndex = 0; path = liftTests.xctest; sourceTree = BUILT_PRODUCTS_DIR; };
		0AFD0E8019930A3E007B668A /* Info.plist */ = {isa = PBXFileReference; lastKnownFileType = text.plist.xml; path = Info.plist; sourceTree = "<group>"; };
		0AFD0E8119930A3E007B668A /* liftTests.swift */ = {isa = PBXFileReference; lastKnownFileType = sourcecode.swift; path = liftTests.swift; sourceTree = "<group>"; };
/* End PBXFileReference section */

/* Begin PBXFrameworksBuildPhase section */
		0AFD0E6619930A3E007B668A /* Frameworks */ = {
			isa = PBXFrameworksBuildPhase;
			buildActionMask = 2147483647;
			files = (
			);
			runOnlyForDeploymentPostprocessing = 0;
		};
		0AFD0E7819930A3E007B668A /* Frameworks */ = {
			isa = PBXFrameworksBuildPhase;
			buildActionMask = 2147483647;
			files = (
			);
			runOnlyForDeploymentPostprocessing = 0;
		};
/* End PBXFrameworksBuildPhase section */

/* Begin PBXGroup section */
		0AFD0E6019930A3E007B668A = {
			isa = PBXGroup;
			children = (
				0AFD0E6B19930A3E007B668A /* lift */,
				0AFD0E7E19930A3E007B668A /* liftTests */,
				0AFD0E6A19930A3E007B668A /* Products */,
			);
			sourceTree = "<group>";
		};
		0AFD0E6A19930A3E007B668A /* Products */ = {
			isa = PBXGroup;
			children = (
				0AFD0E6919930A3E007B668A /* lift.app */,
				0AFD0E7B19930A3E007B668A /* liftTests.xctest */,
			);
			name = Products;
			sourceTree = "<group>";
		};
		0AFD0E6B19930A3E007B668A /* lift */ = {
			isa = PBXGroup;
			children = (
				0AFD0E6E19930A3E007B668A /* AppDelegate.swift */,
				0AFD0E7019930A3E007B668A /* ViewController.swift */,
				0AFD0E7219930A3E007B668A /* Main.storyboard */,
				0AFD0E7519930A3E007B668A /* Images.xcassets */,
				0AFD0E6C19930A3E007B668A /* Supporting Files */,
			);
			path = lift;
			sourceTree = "<group>";
		};
		0AFD0E6C19930A3E007B668A /* Supporting Files */ = {
			isa = PBXGroup;
			children = (
				0AFD0E6D19930A3E007B668A /* Info.plist */,
			);
			name = "Supporting Files";
			sourceTree = "<group>";
		};
		0AFD0E7E19930A3E007B668A /* liftTests */ = {
			isa = PBXGroup;
			children = (
				0AFD0E8119930A3E007B668A /* liftTests.swift */,
				0AFD0E7F19930A3E007B668A /* Supporting Files */,
			);
			path = liftTests;
			sourceTree = "<group>";
		};
		0AFD0E7F19930A3E007B668A /* Supporting Files */ = {
			isa = PBXGroup;
			children = (
				0AFD0E8019930A3E007B668A /* Info.plist */,
			);
			name = "Supporting Files";
			sourceTree = "<group>";
		};
/* End PBXGroup section */

/* Begin PBXNativeTarget section */
		0AFD0E6819930A3E007B668A /* lift */ = {
			isa = PBXNativeTarget;
			buildConfigurationList = 0AFD0E8519930A3E007B668A /* Build configuration list for PBXNativeTarget "lift" */;
			buildPhases = (
				0AFD0E6519930A3E007B668A /* Sources */,
				0AFD0E6619930A3E007B668A /* Frameworks */,
				0AFD0E6719930A3E007B668A /* Resources */,
			);
			buildRules = (
			);
			dependencies = (
			);
			name = lift;
			productName = lift;
			productReference = 0AFD0E6919930A3E007B668A /* lift.app */;
			productType = "com.apple.product-type.application";
		};
		0AFD0E7A19930A3E007B668A /* liftTests */ = {
			isa = PBXNativeTarget;
			buildConfigurationList = 0AFD0E8819930A3E007B668A /* Build configuration list for PBXNativeTarget "liftTests" */;
			buildPhases = (
				0AFD0E7719930A3E007B668A /* Sources */,
				0AFD0E7819930A3E007B668A /* Frameworks */,
				0AFD0E7919930A3E007B668A /* Resources */,
			);
			buildRules = (
			);
			dependencies = (
				0AFD0E7D19930A3E007B668A /* PBXTargetDependency */,
			);
			name = liftTests;
			productName = liftTests;
			productReference = 0AFD0E7B19930A3E007B668A /* liftTests.xctest */;
			productType = "com.apple.product-type.bundle.unit-test";
		};
/* End PBXNativeTarget section */

/* Begin PBXProject section */
		0AFD0E6119930A3E007B668A /* Project object */ = {
			isa = PBXProject;
			attributes = {
				LastUpgradeCheck = 0600;
				ORGANIZATIONNAME = somethingPointless;
				TargetAttributes = {
					0AFD0E6819930A3E007B668A = {
						CreatedOnToolsVersion = 6.0;
					};
					0AFD0E7A19930A3E007B668A = {
						CreatedOnToolsVersion = 6.0;
						TestTargetID = 0AFD0E6819930A3E007B668A;
					};
				};
			};
			buildConfigurationList = 0AFD0E6419930A3E007B668A /* Build configuration list for PBXProject "lift" */;
			compatibilityVersion = "Xcode 3.2";
			developmentRegion = English;
			hasScannedForEncodings = 0;
			knownRegions = (
				en,
				Base,
			);
			mainGroup = 0AFD0E6019930A3E007B668A;
			productRefGroup = 0AFD0E6A19930A3E007B668A /* Products */;
			projectDirPath = "";
			projectRoot = "";
			targets = (
				0AFD0E6819930A3E007B668A /* lift */,
				0AFD0E7A19930A3E007B668A /* liftTests */,
			);
		};
/* End PBXProject section */

/* Begin PBXResourcesBuildPhase section */
		0AFD0E6719930A3E007B668A /* Resources */ = {
			isa = PBXResourcesBuildPhase;
			buildActionMask = 2147483647;
			files = (
				0AFD0E7419930A3E007B668A /* Main.storyboard in Resources */,
				0AFD0E7619930A3E007B668A /* Images.xcassets in Resources */,
			);
			runOnlyForDeploymentPostprocessing = 0;
		};
		0AFD0E7919930A3E007B668A /* Resources */ = {
			isa = PBXResourcesBuildPhase;
			buildActionMask = 2147483647;
			files = (
			);
			runOnlyForDeploymentPostprocessing = 0;
		};
/* End PBXResourcesBuildPhase section */

/* Begin PBXSourcesBuildPhase section */
		0AFD0E6519930A3E007B668A /* Sources */ = {
			isa = PBXSourcesBuildPhase;
			buildActionMask = 2147483647;
			files = (
				0AFD0E7119930A3E007B668A /* ViewController.swift in Sources */,
				0AFD0E6F19930A3E007B668A /* AppDelegate.swift in Sources */,
			);
			runOnlyForDeploymentPostprocessing = 0;
		};
		0AFD0E7719930A3E007B668A /* Sources */ = {
			isa = PBXSourcesBuildPhase;
			buildActionMask = 2147483647;
			files = (
				0AFD0E8219930A3E007B668A /* liftTests.swift in Sources */,
			);
			runOnlyForDeploymentPostprocessing = 0;
		};
/* End PBXSourcesBuildPhase section */

/* Begin PBXTargetDependency section */
		0AFD0E7D19930A3E007B668A /* PBXTargetDependency */ = {
			isa = PBXTargetDependency;
			target = 0AFD0E6819930A3E007B668A /* lift */;
			targetProxy = 0AFD0E7C19930A3E007B668A /* PBXContainerItemProxy */;
		};
/* End PBXTargetDependency section */

/* Begin PBXVariantGroup section */
		0AFD0E7219930A3E007B668A /* Main.storyboard */ = {
			isa = PBXVariantGroup;
			children = (
				0AFD0E7319930A3E007B668A /* Base */,
			);
			name = Main.storyboard;
			sourceTree = "<group>";
		};
/* End PBXVariantGroup section */

/* Begin XCBuildConfiguration section */
		0AFD0E8319930A3E007B668A /* Debug */ = {
			isa = XCBuildConfiguration;
			buildSettings = {
				ALWAYS_SEARCH_USER_PATHS = NO;
				CLANG_CXX_LANGUAGE_STANDARD = "gnu++0x";
				CLANG_CXX_LIBRARY = "libc++";
				CLANG_ENABLE_MODULES = YES;
				CLANG_ENABLE_OBJC_ARC = YES;
				CLANG_WARN_BOOL_CONVERSION = YES;
				CLANG_WARN_CONSTANT_CONVERSION = YES;
				CLANG_WARN_DIRECT_OBJC_ISA_USAGE = YES_ERROR;
				CLANG_WARN_EMPTY_BODY = YES;
				CLANG_WARN_ENUM_CONVERSION = YES;
				CLANG_WARN_INT_CONVERSION = YES;
				CLANG_WARN_OBJC_ROOT_CLASS = YES_ERROR;
				CLANG_WARN_UNREACHABLE_CODE = YES;
				CLANG_WARN__DUPLICATE_METHOD_MATCH = YES;
				"CODE_SIGN_IDENTITY[sdk=iphoneos*]" = "iPhone Developer";
				COPY_PHASE_STRIP = NO;
				ENABLE_STRICT_OBJC_MSGSEND = YES;
				GCC_C_LANGUAGE_STANDARD = gnu99;
				GCC_DYNAMIC_NO_PIC = NO;
				GCC_OPTIMIZATION_LEVEL = 0;
				GCC_PREPROCESSOR_DEFINITIONS = (
					"DEBUG=1",
					"$(inherited)",
				);
				GCC_SYMBOLS_PRIVATE_EXTERN = NO;
				GCC_WARN_64_TO_32_BIT_CONVERSION = YES;
				GCC_WARN_ABOUT_RETURN_TYPE = YES_ERROR;
				GCC_WARN_UNDECLARED_SELECTOR = YES;
				GCC_WARN_UNINITIALIZED_AUTOS = YES_AGGRESSIVE;
				GCC_WARN_UNUSED_FUNCTION = YES;
				GCC_WARN_UNUSED_VARIABLE = YES;
				IPHONEOS_DEPLOYMENT_TARGET = 8.0;
				MTL_ENABLE_DEBUG_INFO = YES;
				ONLY_ACTIVE_ARCH = YES;
				SDKROOT = iphoneos;
				SWIFT_OPTIMIZATION_LEVEL = "-Onone";
			};
			name = Debug;
		};
		0AFD0E8419930A3E007B668A /* Release */ = {
			isa = XCBuildConfiguration;
			buildSettings = {
				ALWAYS_SEARCH_USER_PATHS = NO;
				CLANG_CXX_LANGUAGE_STANDARD = "gnu++0x";
				CLANG_CXX_LIBRARY = "libc++";
				CLANG_ENABLE_MODULES = YES;
				CLANG_ENABLE_OBJC_ARC = YES;
				CLANG_WARN_BOOL_CONVERSION = YES;
				CLANG_WARN_CONSTANT_CONVERSION = YES;
				CLANG_WARN_DIRECT_OBJC_ISA_USAGE = YES_ERROR;
				CLANG_WARN_EMPTY_BODY = YES;
				CLANG_WARN_ENUM_CONVERSION = YES;
				CLANG_WARN_INT_CONVERSION = YES;
				CLANG_WARN_OBJC_ROOT_CLASS = YES_ERROR;
				CLANG_WARN_UNREACHABLE_CODE = YES;
				CLANG_WARN__DUPLICATE_METHOD_MATCH = YES;
				"CODE_SIGN_IDENTITY[sdk=iphoneos*]" = "iPhone Developer";
				COPY_PHASE_STRIP = YES;
				ENABLE_NS_ASSERTIONS = NO;
				ENABLE_STRICT_OBJC_MSGSEND = YES;
				GCC_C_LANGUAGE_STANDARD = gnu99;
				GCC_WARN_64_TO_32_BIT_CONVERSION = YES;
				GCC_WARN_ABOUT_RETURN_TYPE = YES_ERROR;
				GCC_WARN_UNDECLARED_SELECTOR = YES;
				GCC_WARN_UNINITIALIZED_AUTOS = YES_AGGRESSIVE;
				GCC_WARN_UNUSED_FUNCTION = YES;
				GCC_WARN_UNUSED_VARIABLE = YES;
				IPHONEOS_DEPLOYMENT_TARGET = 8.0;
				MTL_ENABLE_DEBUG_INFO = NO;
				SDKROOT = iphoneos;
				VALIDATE_PRODUCT = YES;
			};
			name = Release;
		};
		0AFD0E8619930A3E007B668A /* Debug */ = {
			isa = XCBuildConfiguration;
			buildSettings = {
				ASSETCATALOG_COMPILER_APPICON_NAME = AppIcon;
				ASSETCATALOG_COMPILER_LAUNCHIMAGE_NAME = LaunchImage;
				INFOPLIST_FILE = lift/Info.plist;
				LD_RUNPATH_SEARCH_PATHS = "$(inherited) @executable_path/Frameworks";
				PRODUCT_NAME = "$(TARGET_NAME)";
			};
			name = Debug;
		};
		0AFD0E8719930A3E007B668A /* Release */ = {
			isa = XCBuildConfiguration;
			buildSettings = {
				ASSETCATALOG_COMPILER_APPICON_NAME = AppIcon;
				ASSETCATALOG_COMPILER_LAUNCHIMAGE_NAME = LaunchImage;
				INFOPLIST_FILE = lift/Info.plist;
				LD_RUNPATH_SEARCH_PATHS = "$(inherited) @executable_path/Frameworks";
				PRODUCT_NAME = "$(TARGET_NAME)";
			};
			name = Release;
		};
		0AFD0E8919930A3E007B668A /* Debug */ = {
			isa = XCBuildConfiguration;
			buildSettings = {
				BUNDLE_LOADER = "$(TEST_HOST)";
				FRAMEWORK_SEARCH_PATHS = (
					"$(SDKROOT)/Developer/Library/Frameworks",
					"$(inherited)",
				);
				GCC_PREPROCESSOR_DEFINITIONS = (
					"DEBUG=1",
					"$(inherited)",
				);
				INFOPLIST_FILE = liftTests/Info.plist;
				LD_RUNPATH_SEARCH_PATHS = "$(inherited) @executable_path/Frameworks @loader_path/Frameworks";
				PRODUCT_NAME = "$(TARGET_NAME)";
				TEST_HOST = "$(BUILT_PRODUCTS_DIR)/lift.app/lift";
			};
			name = Debug;
		};
		0AFD0E8A19930A3E007B668A /* Release */ = {
			isa = XCBuildConfiguration;
			buildSettings = {
				BUNDLE_LOADER = "$(TEST_HOST)";
				FRAMEWORK_SEARCH_PATHS = (
					"$(SDKROOT)/Developer/Library/Frameworks",
					"$(inherited)",
				);
				INFOPLIST_FILE = liftTests/Info.plist;
				LD_RUNPATH_SEARCH_PATHS = "$(inherited) @executable_path/Frameworks @loader_path/Frameworks";
				PRODUCT_NAME = "$(TARGET_NAME)";
				TEST_HOST = "$(BUILT_PRODUCTS_DIR)/lift.app/lift";
			};
			name = Release;
		};
/* End XCBuildConfiguration section */

/* Begin XCConfigurationList section */
		0AFD0E6419930A3E007B668A /* Build configuration list for PBXProject "lift" */ = {
			isa = XCConfigurationList;
			buildConfigurations = (
				0AFD0E8319930A3E007B668A /* Debug */,
				0AFD0E8419930A3E007B668A /* Release */,
			);
			defaultConfigurationIsVisible = 0;
			defaultConfigurationName = Release;
		};
		0AFD0E8519930A3E007B668A /* Build configuration list for PBXNativeTarget "lift" */ = {
			isa = XCConfigurationList;
			buildConfigurations = (
				0AFD0E8619930A3E007B668A /* Debug */,
				0AFD0E8719930A3E007B668A /* Release */,
			);
			defaultConfigurationIsVisible = 0;
		};
		0AFD0E8819930A3E007B668A /* Build configuration list for PBXNativeTarget "liftTests" */ = {
			isa = XCConfigurationList;
			buildConfigurations = (
				0AFD0E8919930A3E007B668A /* Debug */,
				0AFD0E8A19930A3E007B668A /* Release */,
			);
			defaultConfigurationIsVisible = 0;
		};
/* End XCConfigurationList section */
	};
	rootObject = 0AFD0E6119930A3E007B668A /* Project object */;
}
